
Microsoft Visual Studio Solution File, Format Version 12.00
# Visual Studio 15
VisualStudioVersion = 15.0.25807.0
MinimumVisualStudioVersion = 10.0.40219.1
Project("{2150E333-8FDC-42A3-9474-1A3956D46DE8}") = "Engine", "Engine", "{B7BE9325-7337-4380-B35C-F31A1AD11125}"
EndProject
Project("{2150E333-8FDC-42A3-9474-1A3956D46DE8}") = "Games", "Games", "{E9AAB6DC-0F41-4855-A7CE-3C929F5EE17D}"
EndProject
Project("{8BC9CEB8-8B4A-11D0-8D11-00A0C91BC942}") = "UE4", "Intermediate\ProjectFiles\UE4.vcxproj", "{4520F755-59A2-45B6-BBB1-C73A8D6B1829}"
EndProject
Project("{8BC9CEB8-8B4A-11D0-8D11-00A0C91BC942}") = "HVCCC2", "Intermediate\ProjectFiles\HVCCC2.vcxproj", "{761A9F52-1B4E-4A9A-A52B-C5DBFEA0E3F2}"
EndProject
Global
	GlobalSection(SolutionConfigurationPlatforms) = preSolution
		DebugGame Editor|HTML5 = DebugGame Editor|HTML5
		DebugGame Editor|Win32 = DebugGame Editor|Win32
		DebugGame Editor|Win64 = DebugGame Editor|Win64
		DebugGame|HTML5 = DebugGame|HTML5
		DebugGame|Win32 = DebugGame|Win32
		DebugGame|Win64 = DebugGame|Win64
		Development Editor|HTML5 = Development Editor|HTML5
		Development Editor|Win32 = Development Editor|Win32
		Development Editor|Win64 = Development Editor|Win64
		Development|HTML5 = Development|HTML5
		Development|Win32 = Development|Win32
		Development|Win64 = Development|Win64
		Shipping|HTML5 = Shipping|HTML5
		Shipping|Win32 = Shipping|Win32
		Shipping|Win64 = Shipping|Win64
	EndGlobalSection
	GlobalSection(ProjectConfigurationPlatforms) = postSolution
		{4520F755-59A2-45B6-BBB1-C73A8D6B1829}.DebugGame Editor|HTML5.ActiveCfg = BuiltWithUnrealBuildTool|Win32
		{4520F755-59A2-45B6-BBB1-C73A8D6B1829}.DebugGame Editor|HTML5.Build.0 = BuiltWithUnrealBuildTool|Win32
		{4520F755-59A2-45B6-BBB1-C73A8D6B1829}.DebugGame Editor|Win32.ActiveCfg = BuiltWithUnrealBuildTool|Win32
		{4520F755-59A2-45B6-BBB1-C73A8D6B1829}.DebugGame Editor|Win32.Build.0 = BuiltWithUnrealBuildTool|Win32
		{4520F755-59A2-45B6-BBB1-C73A8D6B1829}.DebugGame Editor|Win64.ActiveCfg = BuiltWithUnrealBuildTool|Win32
		{4520F755-59A2-45B6-BBB1-C73A8D6B1829}.DebugGame Editor|Win64.Build.0 = BuiltWithUnrealBuildTool|Win32
		{4520F755-59A2-45B6-BBB1-C73A8D6B1829}.DebugGame|HTML5.ActiveCfg = BuiltWithUnrealBuildTool|Win32
		{4520F755-59A2-45B6-BBB1-C73A8D6B1829}.DebugGame|HTML5.Build.0 = BuiltWithUnrealBuildTool|Win32
		{4520F755-59A2-45B6-BBB1-C73A8D6B1829}.DebugGame|Win32.ActiveCfg = BuiltWithUnrealBuildTool|Win32
		{4520F755-59A2-45B6-BBB1-C73A8D6B1829}.DebugGame|Win32.Build.0 = BuiltWithUnrealBuildTool|Win32
		{4520F755-59A2-45B6-BBB1-C73A8D6B1829}.DebugGame|Win64.ActiveCfg = BuiltWithUnrealBuildTool|Win32
		{4520F755-59A2-45B6-BBB1-C73A8D6B1829}.DebugGame|Win64.Build.0 = BuiltWithUnrealBuildTool|Win32
		{4520F755-59A2-45B6-BBB1-C73A8D6B1829}.Development Editor|HTML5.ActiveCfg = BuiltWithUnrealBuildTool|Win32
		{4520F755-59A2-45B6-BBB1-C73A8D6B1829}.Development Editor|HTML5.Build.0 = BuiltWithUnrealBuildTool|Win32
		{4520F755-59A2-45B6-BBB1-C73A8D6B1829}.Development Editor|Win32.ActiveCfg = BuiltWithUnrealBuildTool|Win32
		{4520F755-59A2-45B6-BBB1-C73A8D6B1829}.Development Editor|Win32.Build.0 = BuiltWithUnrealBuildTool|Win32
		{4520F755-59A2-45B6-BBB1-C73A8D6B1829}.Development Editor|Win64.ActiveCfg = BuiltWithUnrealBuildTool|Win32
		{4520F755-59A2-45B6-BBB1-C73A8D6B1829}.Development Editor|Win64.Build.0 = BuiltWithUnrealBuildTool|Win32
		{4520F755-59A2-45B6-BBB1-C73A8D6B1829}.Development|HTML5.ActiveCfg = BuiltWithUnrealBuildTool|Win32
		{4520F755-59A2-45B6-BBB1-C73A8D6B1829}.Development|HTML5.Build.0 = BuiltWithUnrealBuildTool|Win32
		{4520F755-59A2-45B6-BBB1-C73A8D6B1829}.Development|Win32.ActiveCfg = BuiltWithUnrealBuildTool|Win32
		{4520F755-59A2-45B6-BBB1-C73A8D6B1829}.Development|Win32.Build.0 = BuiltWithUnrealBuildTool|Win32
		{4520F755-59A2-45B6-BBB1-C73A8D6B1829}.Development|Win64.ActiveCfg = BuiltWithUnrealBuildTool|Win32
		{4520F755-59A2-45B6-BBB1-C73A8D6B1829}.Development|Win64.Build.0 = BuiltWithUnrealBuildTool|Win32
		{4520F755-59A2-45B6-BBB1-C73A8D6B1829}.Shipping|HTML5.ActiveCfg = BuiltWithUnrealBuildTool|Win32
		{4520F755-59A2-45B6-BBB1-C73A8D6B1829}.Shipping|HTML5.Build.0 = BuiltWithUnrealBuildTool|Win32
		{4520F755-59A2-45B6-BBB1-C73A8D6B1829}.Shipping|Win32.ActiveCfg = BuiltWithUnrealBuildTool|Win32
		{4520F755-59A2-45B6-BBB1-C73A8D6B1829}.Shipping|Win32.Build.0 = BuiltWithUnrealBuildTool|Win32
		{4520F755-59A2-45B6-BBB1-C73A8D6B1829}.Shipping|Win64.ActiveCfg = BuiltWithUnrealBuildTool|Win32
		{4520F755-59A2-45B6-BBB1-C73A8D6B1829}.Shipping|Win64.Build.0 = BuiltWithUnrealBuildTool|Win32
		{761A9F52-1B4E-4A9A-A52B-C5DBFEA0E3F2}.DebugGame Editor|HTML5.ActiveCfg = HTML5_DebugGame_Editor|Win32
		{761A9F52-1B4E-4A9A-A52B-C5DBFEA0E3F2}.DebugGame Editor|Win32.ActiveCfg = DebugGame_Editor|Win32
		{761A9F52-1B4E-4A9A-A52B-C5DBFEA0E3F2}.DebugGame Editor|Win64.ActiveCfg = DebugGame_Editor|x64
		{761A9F52-1B4E-4A9A-A52B-C5DBFEA0E3F2}.DebugGame Editor|Win64.Build.0 = DebugGame_Editor|x64
		{761A9F52-1B4E-4A9A-A52B-C5DBFEA0E3F2}.DebugGame|HTML5.ActiveCfg = HTML5_DebugGame_Game|Win32
		{761A9F52-1B4E-4A9A-A52B-C5DBFEA0E3F2}.DebugGame|HTML5.Build.0 = HTML5_DebugGame_Game|Win32
		{761A9F52-1B4E-4A9A-A52B-C5DBFEA0E3F2}.DebugGame|Win32.ActiveCfg = DebugGame_Game|Win32
		{761A9F52-1B4E-4A9A-A52B-C5DBFEA0E3F2}.DebugGame|Win32.Build.0 = DebugGame_Game|Win32
		{761A9F52-1B4E-4A9A-A52B-C5DBFEA0E3F2}.DebugGame|Win64.ActiveCfg = DebugGame_Game|x64
		{761A9F52-1B4E-4A9A-A52B-C5DBFEA0E3F2}.DebugGame|Win64.Build.0 = DebugGame_Game|x64
		{761A9F52-1B4E-4A9A-A52B-C5DBFEA0E3F2}.Development Editor|HTML5.ActiveCfg = HTML5_Development_Editor|Win32
		{761A9F52-1B4E-4A9A-A52B-C5DBFEA0E3F2}.Development Editor|Win32.ActiveCfg = Development_Editor|Win32
		{761A9F52-1B4E-4A9A-A52B-C5DBFEA0E3F2}.Development Editor|Win64.ActiveCfg = Development_Editor|x64
		{761A9F52-1B4E-4A9A-A52B-C5DBFEA0E3F2}.Development Editor|Win64.Build.0 = Development_Editor|x64
		{761A9F52-1B4E-4A9A-A52B-C5DBFEA0E3F2}.Development|HTML5.ActiveCfg = HTML5_Development_Game|Win32
		{761A9F52-1B4E-4A9A-A52B-C5DBFEA0E3F2}.Development|HTML5.Build.0 = HTML5_Development_Game|Win32
		{761A9F52-1B4E-4A9A-A52B-C5DBFEA0E3F2}.Development|Win32.ActiveCfg = Development_Game|Win32
		{761A9F52-1B4E-4A9A-A52B-C5DBFEA0E3F2}.Development|Win32.Build.0 = Development_Game|Win32
		{761A9F52-1B4E-4A9A-A52B-C5DBFEA0E3F2}.Development|Win64.ActiveCfg = Development_Game|x64
		{761A9F52-1B4E-4A9A-A52B-C5DBFEA0E3F2}.Development|Win64.Build.0 = Development_Game|x64
		{761A9F52-1B4E-4A9A-A52B-C5DBFEA0E3F2}.Shipping|HTML5.ActiveCfg = HTML5_Shipping_Game|Win32
		{761A9F52-1B4E-4A9A-A52B-C5DBFEA0E3F2}.Shipping|HTML5.Build.0 = HTML5_Shipping_Game|Win32
		{761A9F52-1B4E-4A9A-A52B-C5DBFEA0E3F2}.Shipping|Win32.ActiveCfg = Shipping_Game|Win32
		{761A9F52-1B4E-4A9A-A52B-C5DBFEA0E3F2}.Shipping|Win32.Build.0 = Shipping_Game|Win32
		{761A9F52-1B4E-4A9A-A52B-C5DBFEA0E3F2}.Shipping|Win64.ActiveCfg = Shipping_Game|x64
		{761A9F52-1B4E-4A9A-A52B-C5DBFEA0E3F2}.Shipping|Win64.Build.0 = Shipping_Game|x64
	EndGlobalSection
	GlobalSection(SolutionProperties) = preSolution
		HideSolutionNode = FALSE
	EndGlobalSection
	GlobalSection(NestedProjects) = preSolution
		{4520F755-59A2-45B6-BBB1-C73A8D6B1829} = {B7BE9325-7337-4380-B35C-F31A1AD11125}
		{761A9F52-1B4E-4A9A-A52B-C5DBFEA0E3F2} = {E9AAB6DC-0F41-4855-A7CE-3C929F5EE17D}
	EndGlobalSection
	GlobalSection(ExtensibilityGlobals) = postSolution
		SolutionGuid = {EC9A2E7F-1493-4487-A004-DAF787CD966D}
	EndGlobalSection
EndGlobal
