
Microsoft Visual Studio Solution File, Format Version 12.00
# Visual Studio 15

VisualStudioVersion = 15.0.26730.15
MinimumVisualStudioVersion = 10.0.40219.1

Project("{2150E333-8FDC-42A3-9474-1A3956D46DE8}") = "Engine", "Engine", "{05507DB7-1117-4605-A202-B5FE9B46844B}"
EndProject
Project("{2150E333-8FDC-42A3-9474-1A3956D46DE8}") = "Games", "Games", "{C44E4751-5D83-471D-9399-7432870CF5B2}"
EndProject
Project("{8BC9CEB8-8B4A-11D0-8D11-00A0C91BC942}") = "UE4", "Intermediate\ProjectFiles\UE4.vcxproj", "{697AB0A5-6C66-4255-8499-C69FB1751FEA}"
EndProject
Project("{8BC9CEB8-8B4A-11D0-8D11-00A0C91BC942}") = "HVCCC2", "Intermediate\ProjectFiles\HVCCC2.vcxproj", "{DAE546B0-20F3-496C-A054-22B4A42B6A26}"

EndProject
Global
	GlobalSection(SolutionConfigurationPlatforms) = preSolution
		DebugGame Editor|HTML5 = DebugGame Editor|HTML5
		DebugGame Editor|Win32 = DebugGame Editor|Win32
		DebugGame Editor|Win64 = DebugGame Editor|Win64
		DebugGame|HTML5 = DebugGame|HTML5
		DebugGame|Win32 = DebugGame|Win32
		DebugGame|Win64 = DebugGame|Win64
		Development Editor|HTML5 = Development Editor|HTML5
		Development Editor|Win32 = Development Editor|Win32
		Development Editor|Win64 = Development Editor|Win64
		Development|HTML5 = Development|HTML5
		Development|Win32 = Development|Win32
		Development|Win64 = Development|Win64
		Shipping|HTML5 = Shipping|HTML5
		Shipping|Win32 = Shipping|Win32
		Shipping|Win64 = Shipping|Win64
	EndGlobalSection
	GlobalSection(ProjectConfigurationPlatforms) = postSolution

		{697AB0A5-6C66-4255-8499-C69FB1751FEA}.DebugGame Editor|HTML5.ActiveCfg = BuiltWithUnrealBuildTool|Win32
		{697AB0A5-6C66-4255-8499-C69FB1751FEA}.DebugGame Editor|HTML5.Build.0 = BuiltWithUnrealBuildTool|Win32
		{697AB0A5-6C66-4255-8499-C69FB1751FEA}.DebugGame Editor|Win32.ActiveCfg = BuiltWithUnrealBuildTool|Win32
		{697AB0A5-6C66-4255-8499-C69FB1751FEA}.DebugGame Editor|Win32.Build.0 = BuiltWithUnrealBuildTool|Win32
		{697AB0A5-6C66-4255-8499-C69FB1751FEA}.DebugGame Editor|Win64.ActiveCfg = BuiltWithUnrealBuildTool|Win32
		{697AB0A5-6C66-4255-8499-C69FB1751FEA}.DebugGame Editor|Win64.Build.0 = BuiltWithUnrealBuildTool|Win32
		{697AB0A5-6C66-4255-8499-C69FB1751FEA}.DebugGame|HTML5.ActiveCfg = BuiltWithUnrealBuildTool|Win32
		{697AB0A5-6C66-4255-8499-C69FB1751FEA}.DebugGame|HTML5.Build.0 = BuiltWithUnrealBuildTool|Win32
		{697AB0A5-6C66-4255-8499-C69FB1751FEA}.DebugGame|Win32.ActiveCfg = BuiltWithUnrealBuildTool|Win32
		{697AB0A5-6C66-4255-8499-C69FB1751FEA}.DebugGame|Win32.Build.0 = BuiltWithUnrealBuildTool|Win32
		{697AB0A5-6C66-4255-8499-C69FB1751FEA}.DebugGame|Win64.ActiveCfg = BuiltWithUnrealBuildTool|Win32
		{697AB0A5-6C66-4255-8499-C69FB1751FEA}.DebugGame|Win64.Build.0 = BuiltWithUnrealBuildTool|Win32
		{697AB0A5-6C66-4255-8499-C69FB1751FEA}.Development Editor|HTML5.ActiveCfg = BuiltWithUnrealBuildTool|Win32
		{697AB0A5-6C66-4255-8499-C69FB1751FEA}.Development Editor|HTML5.Build.0 = BuiltWithUnrealBuildTool|Win32
		{697AB0A5-6C66-4255-8499-C69FB1751FEA}.Development Editor|Win32.ActiveCfg = BuiltWithUnrealBuildTool|Win32
		{697AB0A5-6C66-4255-8499-C69FB1751FEA}.Development Editor|Win32.Build.0 = BuiltWithUnrealBuildTool|Win32
		{697AB0A5-6C66-4255-8499-C69FB1751FEA}.Development Editor|Win64.ActiveCfg = BuiltWithUnrealBuildTool|Win32
		{697AB0A5-6C66-4255-8499-C69FB1751FEA}.Development Editor|Win64.Build.0 = BuiltWithUnrealBuildTool|Win32
		{697AB0A5-6C66-4255-8499-C69FB1751FEA}.Development|HTML5.ActiveCfg = BuiltWithUnrealBuildTool|Win32
		{697AB0A5-6C66-4255-8499-C69FB1751FEA}.Development|HTML5.Build.0 = BuiltWithUnrealBuildTool|Win32
		{697AB0A5-6C66-4255-8499-C69FB1751FEA}.Development|Win32.ActiveCfg = BuiltWithUnrealBuildTool|Win32
		{697AB0A5-6C66-4255-8499-C69FB1751FEA}.Development|Win32.Build.0 = BuiltWithUnrealBuildTool|Win32
		{697AB0A5-6C66-4255-8499-C69FB1751FEA}.Development|Win64.ActiveCfg = BuiltWithUnrealBuildTool|Win32
		{697AB0A5-6C66-4255-8499-C69FB1751FEA}.Development|Win64.Build.0 = BuiltWithUnrealBuildTool|Win32
		{697AB0A5-6C66-4255-8499-C69FB1751FEA}.Shipping|HTML5.ActiveCfg = BuiltWithUnrealBuildTool|Win32
		{697AB0A5-6C66-4255-8499-C69FB1751FEA}.Shipping|HTML5.Build.0 = BuiltWithUnrealBuildTool|Win32
		{697AB0A5-6C66-4255-8499-C69FB1751FEA}.Shipping|Win32.ActiveCfg = BuiltWithUnrealBuildTool|Win32
		{697AB0A5-6C66-4255-8499-C69FB1751FEA}.Shipping|Win32.Build.0 = BuiltWithUnrealBuildTool|Win32
		{697AB0A5-6C66-4255-8499-C69FB1751FEA}.Shipping|Win64.ActiveCfg = BuiltWithUnrealBuildTool|Win32
		{697AB0A5-6C66-4255-8499-C69FB1751FEA}.Shipping|Win64.Build.0 = BuiltWithUnrealBuildTool|Win32
		{DAE546B0-20F3-496C-A054-22B4A42B6A26}.DebugGame Editor|HTML5.ActiveCfg = HTML5_DebugGame_Editor|Win32
		{DAE546B0-20F3-496C-A054-22B4A42B6A26}.DebugGame Editor|Win32.ActiveCfg = DebugGame_Editor|Win32
		{DAE546B0-20F3-496C-A054-22B4A42B6A26}.DebugGame Editor|Win64.ActiveCfg = DebugGame_Editor|x64
		{DAE546B0-20F3-496C-A054-22B4A42B6A26}.DebugGame Editor|Win64.Build.0 = DebugGame_Editor|x64
		{DAE546B0-20F3-496C-A054-22B4A42B6A26}.DebugGame|HTML5.ActiveCfg = HTML5_DebugGame_Game|Win32
		{DAE546B0-20F3-496C-A054-22B4A42B6A26}.DebugGame|HTML5.Build.0 = HTML5_DebugGame_Game|Win32
		{DAE546B0-20F3-496C-A054-22B4A42B6A26}.DebugGame|Win32.ActiveCfg = DebugGame_Game|Win32
		{DAE546B0-20F3-496C-A054-22B4A42B6A26}.DebugGame|Win32.Build.0 = DebugGame_Game|Win32
		{DAE546B0-20F3-496C-A054-22B4A42B6A26}.DebugGame|Win64.ActiveCfg = DebugGame_Game|x64
		{DAE546B0-20F3-496C-A054-22B4A42B6A26}.DebugGame|Win64.Build.0 = DebugGame_Game|x64
		{DAE546B0-20F3-496C-A054-22B4A42B6A26}.Development Editor|HTML5.ActiveCfg = HTML5_Development_Editor|Win32
		{DAE546B0-20F3-496C-A054-22B4A42B6A26}.Development Editor|Win32.ActiveCfg = Development_Editor|Win32
		{DAE546B0-20F3-496C-A054-22B4A42B6A26}.Development Editor|Win64.ActiveCfg = Development_Editor|x64
		{DAE546B0-20F3-496C-A054-22B4A42B6A26}.Development Editor|Win64.Build.0 = Development_Editor|x64
		{DAE546B0-20F3-496C-A054-22B4A42B6A26}.Development|HTML5.ActiveCfg = HTML5_Development_Game|Win32
		{DAE546B0-20F3-496C-A054-22B4A42B6A26}.Development|HTML5.Build.0 = HTML5_Development_Game|Win32
		{DAE546B0-20F3-496C-A054-22B4A42B6A26}.Development|Win32.ActiveCfg = Development_Game|Win32
		{DAE546B0-20F3-496C-A054-22B4A42B6A26}.Development|Win32.Build.0 = Development_Game|Win32
		{DAE546B0-20F3-496C-A054-22B4A42B6A26}.Development|Win64.ActiveCfg = Development_Game|x64
		{DAE546B0-20F3-496C-A054-22B4A42B6A26}.Development|Win64.Build.0 = Development_Game|x64
		{DAE546B0-20F3-496C-A054-22B4A42B6A26}.Shipping|HTML5.ActiveCfg = HTML5_Shipping_Game|Win32
		{DAE546B0-20F3-496C-A054-22B4A42B6A26}.Shipping|HTML5.Build.0 = HTML5_Shipping_Game|Win32
		{DAE546B0-20F3-496C-A054-22B4A42B6A26}.Shipping|Win32.ActiveCfg = Shipping_Game|Win32
		{DAE546B0-20F3-496C-A054-22B4A42B6A26}.Shipping|Win32.Build.0 = Shipping_Game|Win32
		{DAE546B0-20F3-496C-A054-22B4A42B6A26}.Shipping|Win64.ActiveCfg = Shipping_Game|x64
		{DAE546B0-20F3-496C-A054-22B4A42B6A26}.Shipping|Win64.Build.0 = Shipping_Game|x64

	EndGlobalSection
	GlobalSection(SolutionProperties) = preSolution
		HideSolutionNode = FALSE
	EndGlobalSection
	GlobalSection(NestedProjects) = preSolution

		{697AB0A5-6C66-4255-8499-C69FB1751FEA} = {05507DB7-1117-4605-A202-B5FE9B46844B}
		{DAE546B0-20F3-496C-A054-22B4A42B6A26} = {C44E4751-5D83-471D-9399-7432870CF5B2}
	EndGlobalSection
	GlobalSection(ExtensibilityGlobals) = postSolution
		SolutionGuid = {FCCD032B-7CED-4966-9B59-D76C8FC72301}

	EndGlobalSection
EndGlobal
